// !$*UTF8*$!
{
	archiveVersion = 1;
	classes = {
	};
	objectVersion = 55;
	objects = {

/* Begin PBXBuildFile section */
		DF001F3927AADB2400CB60AD /* Integer.swift in Sources */ = {isa = PBXBuildFile; fileRef = DF001F3827AADB2400CB60AD /* Integer.swift */; };
		DF1070D129712CA800F34332 /* Double.swift in Sources */ = {isa = PBXBuildFile; fileRef = DF1070D029712CA800F34332 /* Double.swift */; };
		DF4BC3E42804470600BF207B /* OptionSet.swift in Sources */ = {isa = PBXBuildFile; fileRef = DF4BC3E32804470600BF207B /* OptionSet.swift */; };
		DF8E333B2795AC6E0092C3C8 /* x3Core.docc in Sources */ = {isa = PBXBuildFile; fileRef = DF8E333A2795AC6E0092C3C8 /* x3Core.docc */; };
		DF8E333C2795AC6E0092C3C8 /* x3Core.h in Headers */ = {isa = PBXBuildFile; fileRef = DF8E33392795AC6E0092C3C8 /* x3Core.h */; settings = {ATTRIBUTES = (Public, ); }; };
		DF8E33B42795BB7F0092C3C8 /* UserFonts.swift in Sources */ = {isa = PBXBuildFile; fileRef = DF8E33B32795BB7F0092C3C8 /* UserFonts.swift */; };
		DF8E33B82795BC2F0092C3C8 /* String.swift in Sources */ = {isa = PBXBuildFile; fileRef = DF8E33B72795BC2F0092C3C8 /* String.swift */; };
		DF8E33BC2795BD720092C3C8 /* Localizable.strings in Resources */ = {isa = PBXBuildFile; fileRef = DF8E33BE2795BD720092C3C8 /* Localizable.strings */; };
		DF95BD1A2796DDD600799778 /* FuturaPT-CondExtraBoldOblique.ttf in Resources */ = {isa = PBXBuildFile; fileRef = DF95BCEC2796DDD500799778 /* FuturaPT-CondExtraBoldOblique.ttf */; };
		DF95BD1B2796DDD600799778 /* FuturaPT-MediumOblique.ttf in Resources */ = {isa = PBXBuildFile; fileRef = DF95BCED2796DDD500799778 /* FuturaPT-MediumOblique.ttf */; };
		DF95BD1C2796DDD600799778 /* FuturaPT-BookOblique.ttf in Resources */ = {isa = PBXBuildFile; fileRef = DF95BCEE2796DDD500799778 /* FuturaPT-BookOblique.ttf */; };
		DF95BD1D2796DDD600799778 /* FuturaPT-Medium.ttf in Resources */ = {isa = PBXBuildFile; fileRef = DF95BCEF2796DDD500799778 /* FuturaPT-Medium.ttf */; };
		DF95BD1E2796DDD600799778 /* FuturaPT-BoldOblique.ttf in Resources */ = {isa = PBXBuildFile; fileRef = DF95BCF02796DDD500799778 /* FuturaPT-BoldOblique.ttf */; };
		DF95BD1F2796DDD600799778 /* FuturaPT-DemiOblique.ttf in Resources */ = {isa = PBXBuildFile; fileRef = DF95BCF12796DDD500799778 /* FuturaPT-DemiOblique.ttf */; };
		DF95BD202796DDD600799778 /* FuturaPT-CondExtraBold.ttf in Resources */ = {isa = PBXBuildFile; fileRef = DF95BCF22796DDD500799778 /* FuturaPT-CondExtraBold.ttf */; };
		DF95BD212796DDD600799778 /* FuturaPT-CondBold.ttf in Resources */ = {isa = PBXBuildFile; fileRef = DF95BCF32796DDD500799778 /* FuturaPT-CondBold.ttf */; };
		DF95BD222796DDD600799778 /* FuturaPT-Book.ttf in Resources */ = {isa = PBXBuildFile; fileRef = DF95BCF42796DDD500799778 /* FuturaPT-Book.ttf */; };
		DF95BD232796DDD600799778 /* FuturaPT-Light.ttf in Resources */ = {isa = PBXBuildFile; fileRef = DF95BCF52796DDD500799778 /* FuturaPT-Light.ttf */; };
		DF95BD242796DDD600799778 /* FuturaPT-CondBook.ttf in Resources */ = {isa = PBXBuildFile; fileRef = DF95BCF62796DDD500799778 /* FuturaPT-CondBook.ttf */; };
		DF95BD252796DDD600799778 /* FuturaPT-CondMedium.ttf in Resources */ = {isa = PBXBuildFile; fileRef = DF95BCF72796DDD500799778 /* FuturaPT-CondMedium.ttf */; };
		DF95BD262796DDD600799778 /* FuturaPT-Bold.ttf in Resources */ = {isa = PBXBuildFile; fileRef = DF95BCF82796DDD500799778 /* FuturaPT-Bold.ttf */; };
		DF95BD272796DDD600799778 /* FuturaPT-HeavyOblique.ttf in Resources */ = {isa = PBXBuildFile; fileRef = DF95BCF92796DDD500799778 /* FuturaPT-HeavyOblique.ttf */; };
		DF95BD282796DDD600799778 /* FuturaPT-LightOblique.ttf in Resources */ = {isa = PBXBuildFile; fileRef = DF95BCFA2796DDD500799778 /* FuturaPT-LightOblique.ttf */; };
		DF95BD292796DDD600799778 /* FuturaPT-CondBookOblique.ttf in Resources */ = {isa = PBXBuildFile; fileRef = DF95BCFB2796DDD500799778 /* FuturaPT-CondBookOblique.ttf */; };
		DF95BD2A2796DDD600799778 /* FuturaPT-Heavy.ttf in Resources */ = {isa = PBXBuildFile; fileRef = DF95BCFC2796DDD500799778 /* FuturaPT-Heavy.ttf */; };
		DF95BD2B2796DDD600799778 /* FuturaPT-ExtraBold.ttf in Resources */ = {isa = PBXBuildFile; fileRef = DF95BCFD2796DDD500799778 /* FuturaPT-ExtraBold.ttf */; };
		DF95BD2C2796DDD600799778 /* FuturaPT-CondMediumOblique.ttf in Resources */ = {isa = PBXBuildFile; fileRef = DF95BCFE2796DDD500799778 /* FuturaPT-CondMediumOblique.ttf */; };
		DF95BD2D2796DDD600799778 /* FuturaPT-ExtraBoldOblique.ttf in Resources */ = {isa = PBXBuildFile; fileRef = DF95BCFF2796DDD500799778 /* FuturaPT-ExtraBoldOblique.ttf */; };
		DF95BD2E2796DDD600799778 /* FuturaPT-CondBoldOblique.ttf in Resources */ = {isa = PBXBuildFile; fileRef = DF95BD002796DDD500799778 /* FuturaPT-CondBoldOblique.ttf */; };
		DF95BD2F2796DDD600799778 /* FuturaPT-Demi.ttf in Resources */ = {isa = PBXBuildFile; fileRef = DF95BD012796DDD500799778 /* FuturaPT-Demi.ttf */; };
		DFB7425727D8EB2F004EBCB3 /* Data.swift in Sources */ = {isa = PBXBuildFile; fileRef = DFB7425627D8EB2F004EBCB3 /* Data.swift */; };
		DFB7426027DF23B6004EBCB3 /* Option.swift in Sources */ = {isa = PBXBuildFile; fileRef = DFB7425F27DF23B6004EBCB3 /* Option.swift */; };
		DFB7426227DF2848004EBCB3 /* X3Options.swift in Sources */ = {isa = PBXBuildFile; fileRef = DFB7426127DF2848004EBCB3 /* X3Options.swift */; };
		DFD51ACA27A71A2D00CC66A8 /* Events.swift in Sources */ = {isa = PBXBuildFile; fileRef = DFD51AC927A71A2D00CC66A8 /* Events.swift */; };
		DFEAD20B27A6522100062032 /* Notification.swift in Sources */ = {isa = PBXBuildFile; fileRef = DFEAD20A27A6522100062032 /* Notification.swift */; };
		DFEAD20F27A6547400062032 /* DataResult.swift in Sources */ = {isa = PBXBuildFile; fileRef = DFEAD20E27A6547400062032 /* DataResult.swift */; };
/* End PBXBuildFile section */

/* Begin PBXFileReference section */
		DF001F3827AADB2400CB60AD /* Integer.swift */ = {isa = PBXFileReference; lastKnownFileType = sourcecode.swift; path = Integer.swift; sourceTree = "<group>"; };
		DF1070D029712CA800F34332 /* Double.swift */ = {isa = PBXFileReference; lastKnownFileType = sourcecode.swift; path = Double.swift; sourceTree = "<group>"; };
		DF4BC3E32804470600BF207B /* OptionSet.swift */ = {isa = PBXFileReference; lastKnownFileType = sourcecode.swift; path = OptionSet.swift; sourceTree = "<group>"; };
		DF8E33362795AC6E0092C3C8 /* x3Core.framework */ = {isa = PBXFileReference; explicitFileType = wrapper.framework; includeInIndex = 0; path = x3Core.framework; sourceTree = BUILT_PRODUCTS_DIR; };
		DF8E33392795AC6E0092C3C8 /* x3Core.h */ = {isa = PBXFileReference; lastKnownFileType = sourcecode.c.h; path = x3Core.h; sourceTree = "<group>"; };
		DF8E333A2795AC6E0092C3C8 /* x3Core.docc */ = {isa = PBXFileReference; lastKnownFileType = folder.documentationcatalog; path = x3Core.docc; sourceTree = "<group>"; };
		DF8E33B32795BB7F0092C3C8 /* UserFonts.swift */ = {isa = PBXFileReference; lastKnownFileType = sourcecode.swift; path = UserFonts.swift; sourceTree = "<group>"; };
		DF8E33B72795BC2F0092C3C8 /* String.swift */ = {isa = PBXFileReference; lastKnownFileType = sourcecode.swift; path = String.swift; sourceTree = "<group>"; };
		DF8E33BD2795BD720092C3C8 /* en */ = {isa = PBXFileReference; lastKnownFileType = text.plist.strings; name = en; path = en.lproj/Localizable.strings; sourceTree = "<group>"; };
		DF95BCEC2796DDD500799778 /* FuturaPT-CondExtraBoldOblique.ttf */ = {isa = PBXFileReference; lastKnownFileType = file; path = "FuturaPT-CondExtraBoldOblique.ttf"; sourceTree = "<group>"; };
		DF95BCED2796DDD500799778 /* FuturaPT-MediumOblique.ttf */ = {isa = PBXFileReference; lastKnownFileType = file; path = "FuturaPT-MediumOblique.ttf"; sourceTree = "<group>"; };
		DF95BCEE2796DDD500799778 /* FuturaPT-BookOblique.ttf */ = {isa = PBXFileReference; lastKnownFileType = file; path = "FuturaPT-BookOblique.ttf"; sourceTree = "<group>"; };
		DF95BCEF2796DDD500799778 /* FuturaPT-Medium.ttf */ = {isa = PBXFileReference; lastKnownFileType = file; path = "FuturaPT-Medium.ttf"; sourceTree = "<group>"; };
		DF95BCF02796DDD500799778 /* FuturaPT-BoldOblique.ttf */ = {isa = PBXFileReference; lastKnownFileType = file; path = "FuturaPT-BoldOblique.ttf"; sourceTree = "<group>"; };
		DF95BCF12796DDD500799778 /* FuturaPT-DemiOblique.ttf */ = {isa = PBXFileReference; lastKnownFileType = file; path = "FuturaPT-DemiOblique.ttf"; sourceTree = "<group>"; };
		DF95BCF22796DDD500799778 /* FuturaPT-CondExtraBold.ttf */ = {isa = PBXFileReference; lastKnownFileType = file; path = "FuturaPT-CondExtraBold.ttf"; sourceTree = "<group>"; };
		DF95BCF32796DDD500799778 /* FuturaPT-CondBold.ttf */ = {isa = PBXFileReference; lastKnownFileType = file; path = "FuturaPT-CondBold.ttf"; sourceTree = "<group>"; };
		DF95BCF42796DDD500799778 /* FuturaPT-Book.ttf */ = {isa = PBXFileReference; lastKnownFileType = file; path = "FuturaPT-Book.ttf"; sourceTree = "<group>"; };
		DF95BCF52796DDD500799778 /* FuturaPT-Light.ttf */ = {isa = PBXFileReference; lastKnownFileType = file; path = "FuturaPT-Light.ttf"; sourceTree = "<group>"; };
		DF95BCF62796DDD500799778 /* FuturaPT-CondBook.ttf */ = {isa = PBXFileReference; lastKnownFileType = file; path = "FuturaPT-CondBook.ttf"; sourceTree = "<group>"; };
		DF95BCF72796DDD500799778 /* FuturaPT-CondMedium.ttf */ = {isa = PBXFileReference; lastKnownFileType = file; path = "FuturaPT-CondMedium.ttf"; sourceTree = "<group>"; };
		DF95BCF82796DDD500799778 /* FuturaPT-Bold.ttf */ = {isa = PBXFileReference; lastKnownFileType = file; path = "FuturaPT-Bold.ttf"; sourceTree = "<group>"; };
		DF95BCF92796DDD500799778 /* FuturaPT-HeavyOblique.ttf */ = {isa = PBXFileReference; lastKnownFileType = file; path = "FuturaPT-HeavyOblique.ttf"; sourceTree = "<group>"; };
		DF95BCFA2796DDD500799778 /* FuturaPT-LightOblique.ttf */ = {isa = PBXFileReference; lastKnownFileType = file; path = "FuturaPT-LightOblique.ttf"; sourceTree = "<group>"; };
		DF95BCFB2796DDD500799778 /* FuturaPT-CondBookOblique.ttf */ = {isa = PBXFileReference; lastKnownFileType = file; path = "FuturaPT-CondBookOblique.ttf"; sourceTree = "<group>"; };
		DF95BCFC2796DDD500799778 /* FuturaPT-Heavy.ttf */ = {isa = PBXFileReference; lastKnownFileType = file; path = "FuturaPT-Heavy.ttf"; sourceTree = "<group>"; };
		DF95BCFD2796DDD500799778 /* FuturaPT-ExtraBold.ttf */ = {isa = PBXFileReference; lastKnownFileType = file; path = "FuturaPT-ExtraBold.ttf"; sourceTree = "<group>"; };
		DF95BCFE2796DDD500799778 /* FuturaPT-CondMediumOblique.ttf */ = {isa = PBXFileReference; lastKnownFileType = file; path = "FuturaPT-CondMediumOblique.ttf"; sourceTree = "<group>"; };
		DF95BCFF2796DDD500799778 /* FuturaPT-ExtraBoldOblique.ttf */ = {isa = PBXFileReference; lastKnownFileType = file; path = "FuturaPT-ExtraBoldOblique.ttf"; sourceTree = "<group>"; };
		DF95BD002796DDD500799778 /* FuturaPT-CondBoldOblique.ttf */ = {isa = PBXFileReference; lastKnownFileType = file; path = "FuturaPT-CondBoldOblique.ttf"; sourceTree = "<group>"; };
		DF95BD012796DDD500799778 /* FuturaPT-Demi.ttf */ = {isa = PBXFileReference; lastKnownFileType = file; path = "FuturaPT-Demi.ttf"; sourceTree = "<group>"; };
		DFB7425627D8EB2F004EBCB3 /* Data.swift */ = {isa = PBXFileReference; lastKnownFileType = sourcecode.swift; path = Data.swift; sourceTree = "<group>"; };
		DFB7425F27DF23B6004EBCB3 /* Option.swift */ = {isa = PBXFileReference; lastKnownFileType = sourcecode.swift; path = Option.swift; sourceTree = "<group>"; };
		DFB7426127DF2848004EBCB3 /* X3Options.swift */ = {isa = PBXFileReference; lastKnownFileType = sourcecode.swift; path = X3Options.swift; sourceTree = "<group>"; };
		DFD51AC927A71A2D00CC66A8 /* Events.swift */ = {isa = PBXFileReference; lastKnownFileType = sourcecode.swift; path = Events.swift; sourceTree = "<group>"; };
		DFEAD20A27A6522100062032 /* Notification.swift */ = {isa = PBXFileReference; lastKnownFileType = sourcecode.swift; path = Notification.swift; sourceTree = "<group>"; };
		DFEAD20E27A6547400062032 /* DataResult.swift */ = {isa = PBXFileReference; lastKnownFileType = sourcecode.swift; path = DataResult.swift; sourceTree = "<group>"; };
/* End PBXFileReference section */

/* Begin PBXFrameworksBuildPhase section */
		DF8E33332795AC6D0092C3C8 /* Frameworks */ = {
			isa = PBXFrameworksBuildPhase;
			buildActionMask = 2147483647;
			files = (
			);
			runOnlyForDeploymentPostprocessing = 0;
		};
/* End PBXFrameworksBuildPhase section */

/* Begin PBXGroup section */
		DF8E332C2795AC6D0092C3C8 = {
			isa = PBXGroup;
			children = (
				DF8E33B52795BC080092C3C8 /* Extension */,
				DF8E334A2795AD1C0092C3C8 /* Resources */,
				DF8E33492795ACB70092C3C8 /* Model */,
				DF8E33382795AC6E0092C3C8 /* x3Core */,
				DF8E33372795AC6E0092C3C8 /* Products */,
			);
			sourceTree = "<group>";
		};
		DF8E33372795AC6E0092C3C8 /* Products */ = {
			isa = PBXGroup;
			children = (
				DF8E33362795AC6E0092C3C8 /* x3Core.framework */,
			);
			name = Products;
			sourceTree = "<group>";
		};
		DF8E33382795AC6E0092C3C8 /* x3Core */ = {
			isa = PBXGroup;
			children = (
				DF8E33392795AC6E0092C3C8 /* x3Core.h */,
				DF8E333A2795AC6E0092C3C8 /* x3Core.docc */,
			);
			path = x3Core;
			sourceTree = "<group>";
		};
		DF8E33492795ACB70092C3C8 /* Model */ = {
			isa = PBXGroup;
			children = (
				DF8E33B32795BB7F0092C3C8 /* UserFonts.swift */,
				DFEAD20E27A6547400062032 /* DataResult.swift */,
				DFD51AC927A71A2D00CC66A8 /* Events.swift */,
				DFB7425F27DF23B6004EBCB3 /* Option.swift */,
				DFB7426127DF2848004EBCB3 /* X3Options.swift */,
			);
			path = Model;
			sourceTree = "<group>";
		};
		DF8E334A2795AD1C0092C3C8 /* Resources */ = {
			isa = PBXGroup;
			children = (
				DF8E33B92795BCDF0092C3C8 /* Strings */,
				DF8E334B2795AD240092C3C8 /* Fonts */,
			);
			path = Resources;
			sourceTree = "<group>";
		};
		DF8E334B2795AD240092C3C8 /* Fonts */ = {
			isa = PBXGroup;
			children = (
				DF95BCEA2796DDD500799778 /* FuturaPT */,
			);
			path = Fonts;
			sourceTree = "<group>";
		};
		DF8E33B52795BC080092C3C8 /* Extension */ = {
			isa = PBXGroup;
			children = (
				DF8E33B62795BC1A0092C3C8 /* Foundation */,
			);
			path = Extension;
			sourceTree = "<group>";
		};
		DF8E33B62795BC1A0092C3C8 /* Foundation */ = {
			isa = PBXGroup;
			children = (
				DFB7425627D8EB2F004EBCB3 /* Data.swift */,
				DF001F3827AADB2400CB60AD /* Integer.swift */,
				DF8E33B72795BC2F0092C3C8 /* String.swift */,
				DFEAD20A27A6522100062032 /* Notification.swift */,
				DF4BC3E32804470600BF207B /* OptionSet.swift */,
				DF1070D029712CA800F34332 /* Double.swift */,
			);
			path = Foundation;
			sourceTree = "<group>";
		};
		DF8E33B92795BCDF0092C3C8 /* Strings */ = {
			isa = PBXGroup;
			children = (
				DF8E33BE2795BD720092C3C8 /* Localizable.strings */,
			);
			path = Strings;
			sourceTree = "<group>";
		};
		DF95BCEA2796DDD500799778 /* FuturaPT */ = {
			isa = PBXGroup;
			children = (
				DF95BCEB2796DDD500799778 /* ttf */,
			);
			path = FuturaPT;
			sourceTree = "<group>";
		};
		DF95BCEB2796DDD500799778 /* ttf */ = {
			isa = PBXGroup;
			children = (
				DF95BCEC2796DDD500799778 /* FuturaPT-CondExtraBoldOblique.ttf */,
				DF95BCED2796DDD500799778 /* FuturaPT-MediumOblique.ttf */,
				DF95BCEE2796DDD500799778 /* FuturaPT-BookOblique.ttf */,
				DF95BCEF2796DDD500799778 /* FuturaPT-Medium.ttf */,
				DF95BCF02796DDD500799778 /* FuturaPT-BoldOblique.ttf */,
				DF95BCF12796DDD500799778 /* FuturaPT-DemiOblique.ttf */,
				DF95BCF22796DDD500799778 /* FuturaPT-CondExtraBold.ttf */,
				DF95BCF32796DDD500799778 /* FuturaPT-CondBold.ttf */,
				DF95BCF42796DDD500799778 /* FuturaPT-Book.ttf */,
				DF95BCF52796DDD500799778 /* FuturaPT-Light.ttf */,
				DF95BCF62796DDD500799778 /* FuturaPT-CondBook.ttf */,
				DF95BCF72796DDD500799778 /* FuturaPT-CondMedium.ttf */,
				DF95BCF82796DDD500799778 /* FuturaPT-Bold.ttf */,
				DF95BCF92796DDD500799778 /* FuturaPT-HeavyOblique.ttf */,
				DF95BCFA2796DDD500799778 /* FuturaPT-LightOblique.ttf */,
				DF95BCFB2796DDD500799778 /* FuturaPT-CondBookOblique.ttf */,
				DF95BCFC2796DDD500799778 /* FuturaPT-Heavy.ttf */,
				DF95BCFD2796DDD500799778 /* FuturaPT-ExtraBold.ttf */,
				DF95BCFE2796DDD500799778 /* FuturaPT-CondMediumOblique.ttf */,
				DF95BCFF2796DDD500799778 /* FuturaPT-ExtraBoldOblique.ttf */,
				DF95BD002796DDD500799778 /* FuturaPT-CondBoldOblique.ttf */,
				DF95BD012796DDD500799778 /* FuturaPT-Demi.ttf */,
			);
			path = ttf;
			sourceTree = "<group>";
		};
/* End PBXGroup section */

/* Begin PBXHeadersBuildPhase section */
		DF8E33312795AC6D0092C3C8 /* Headers */ = {
			isa = PBXHeadersBuildPhase;
			buildActionMask = 2147483647;
			files = (
				DF8E333C2795AC6E0092C3C8 /* x3Core.h in Headers */,
			);
			runOnlyForDeploymentPostprocessing = 0;
		};
/* End PBXHeadersBuildPhase section */

/* Begin PBXNativeTarget section */
		DF8E33352795AC6D0092C3C8 /* x3Core */ = {
			isa = PBXNativeTarget;
			buildConfigurationList = DF8E333F2795AC6E0092C3C8 /* Build configuration list for PBXNativeTarget "x3Core" */;
			buildPhases = (
				DF8E33312795AC6D0092C3C8 /* Headers */,
				DF8E33322795AC6D0092C3C8 /* Sources */,
				DF8E33332795AC6D0092C3C8 /* Frameworks */,
				DF8E33342795AC6D0092C3C8 /* Resources */,
			);
			buildRules = (
			);
			dependencies = (
			);
			name = x3Core;
			productName = x3Core;
			productReference = DF8E33362795AC6E0092C3C8 /* x3Core.framework */;
			productType = "com.apple.product-type.framework";
		};
/* End PBXNativeTarget section */

/* Begin PBXProject section */
		DF8E332D2795AC6D0092C3C8 /* Project object */ = {
			isa = PBXProject;
			attributes = {
				BuildIndependentTargetsInParallel = 1;
				LastUpgradeCheck = 1320;
				TargetAttributes = {
					DF8E33352795AC6D0092C3C8 = {
						CreatedOnToolsVersion = 13.2.1;
					};
				};
			};
			buildConfigurationList = DF8E33302795AC6D0092C3C8 /* Build configuration list for PBXProject "x3Core" */;
			compatibilityVersion = "Xcode 13.0";
			developmentRegion = en;
			hasScannedForEncodings = 0;
			knownRegions = (
				en,
				Base,
				ru,
			);
			mainGroup = DF8E332C2795AC6D0092C3C8;
			productRefGroup = DF8E33372795AC6E0092C3C8 /* Products */;
			projectDirPath = "";
			projectRoot = "";
			targets = (
				DF8E33352795AC6D0092C3C8 /* x3Core */,
			);
		};
/* End PBXProject section */

/* Begin PBXResourcesBuildPhase section */
		DF8E33342795AC6D0092C3C8 /* Resources */ = {
			isa = PBXResourcesBuildPhase;
			buildActionMask = 2147483647;
			files = (
				DF95BD2C2796DDD600799778 /* FuturaPT-CondMediumOblique.ttf in Resources */,
				DF95BD1C2796DDD600799778 /* FuturaPT-BookOblique.ttf in Resources */,
				DF95BD242796DDD600799778 /* FuturaPT-CondBook.ttf in Resources */,
				DF95BD1D2796DDD600799778 /* FuturaPT-Medium.ttf in Resources */,
				DF95BD1E2796DDD600799778 /* FuturaPT-BoldOblique.ttf in Resources */,
				DF95BD202796DDD600799778 /* FuturaPT-CondExtraBold.ttf in Resources */,
				DF95BD292796DDD600799778 /* FuturaPT-CondBookOblique.ttf in Resources */,
				DF95BD1F2796DDD600799778 /* FuturaPT-DemiOblique.ttf in Resources */,
				DF95BD262796DDD600799778 /* FuturaPT-Bold.ttf in Resources */,
				DF95BD222796DDD600799778 /* FuturaPT-Book.ttf in Resources */,
				DF95BD2D2796DDD600799778 /* FuturaPT-ExtraBoldOblique.ttf in Resources */,
				DF95BD1A2796DDD600799778 /* FuturaPT-CondExtraBoldOblique.ttf in Resources */,
				DF95BD2B2796DDD600799778 /* FuturaPT-ExtraBold.ttf in Resources */,
				DF95BD1B2796DDD600799778 /* FuturaPT-MediumOblique.ttf in Resources */,
				DF95BD272796DDD600799778 /* FuturaPT-HeavyOblique.ttf in Resources */,
				DF95BD2F2796DDD600799778 /* FuturaPT-Demi.ttf in Resources */,
				DF95BD252796DDD600799778 /* FuturaPT-CondMedium.ttf in Resources */,
				DF95BD282796DDD600799778 /* FuturaPT-LightOblique.ttf in Resources */,
				DF8E33BC2795BD720092C3C8 /* Localizable.strings in Resources */,
				DF95BD212796DDD600799778 /* FuturaPT-CondBold.ttf in Resources */,
				DF95BD232796DDD600799778 /* FuturaPT-Light.ttf in Resources */,
				DF95BD2E2796DDD600799778 /* FuturaPT-CondBoldOblique.ttf in Resources */,
				DF95BD2A2796DDD600799778 /* FuturaPT-Heavy.ttf in Resources */,
			);
			runOnlyForDeploymentPostprocessing = 0;
		};
/* End PBXResourcesBuildPhase section */

/* Begin PBXSourcesBuildPhase section */
		DF8E33322795AC6D0092C3C8 /* Sources */ = {
			isa = PBXSourcesBuildPhase;
			buildActionMask = 2147483647;
			files = (
				DFD51ACA27A71A2D00CC66A8 /* Events.swift in Sources */,
				DFEAD20B27A6522100062032 /* Notification.swift in Sources */,
				DF8E33B82795BC2F0092C3C8 /* String.swift in Sources */,
				DFB7426227DF2848004EBCB3 /* X3Options.swift in Sources */,
				DF8E333B2795AC6E0092C3C8 /* x3Core.docc in Sources */,
				DF001F3927AADB2400CB60AD /* Integer.swift in Sources */,
				DFEAD20F27A6547400062032 /* DataResult.swift in Sources */,
				DF8E33B42795BB7F0092C3C8 /* UserFonts.swift in Sources */,
				DFB7426027DF23B6004EBCB3 /* Option.swift in Sources */,
				DF4BC3E42804470600BF207B /* OptionSet.swift in Sources */,
				DF1070D129712CA800F34332 /* Double.swift in Sources */,
				DFB7425727D8EB2F004EBCB3 /* Data.swift in Sources */,
			);
			runOnlyForDeploymentPostprocessing = 0;
		};
/* End PBXSourcesBuildPhase section */

/* Begin PBXVariantGroup section */
		DF8E33BE2795BD720092C3C8 /* Localizable.strings */ = {
			isa = PBXVariantGroup;
			children = (
				DF8E33BD2795BD720092C3C8 /* en */,
			);
			name = Localizable.strings;
			sourceTree = "<group>";
		};
/* End PBXVariantGroup section */

/* Begin XCBuildConfiguration section */
		DF8E333D2795AC6E0092C3C8 /* Debug */ = {
			isa = XCBuildConfiguration;
			buildSettings = {
				ALWAYS_SEARCH_USER_PATHS = NO;
				CLANG_ANALYZER_LOCALIZABILITY_NONLOCALIZED = YES;
				CLANG_ANALYZER_NONNULL = YES;
				CLANG_ANALYZER_NUMBER_OBJECT_CONVERSION = YES_AGGRESSIVE;
				CLANG_CXX_LANGUAGE_STANDARD = "gnu++17";
				CLANG_CXX_LIBRARY = "libc++";
				CLANG_ENABLE_MODULES = YES;
				CLANG_ENABLE_OBJC_ARC = YES;
				CLANG_ENABLE_OBJC_WEAK = YES;
				CLANG_WARN_BLOCK_CAPTURE_AUTORELEASING = YES;
				CLANG_WARN_BOOL_CONVERSION = YES;
				CLANG_WARN_COMMA = YES;
				CLANG_WARN_CONSTANT_CONVERSION = YES;
				CLANG_WARN_DEPRECATED_OBJC_IMPLEMENTATIONS = YES;
				CLANG_WARN_DIRECT_OBJC_ISA_USAGE = YES_ERROR;
				CLANG_WARN_DOCUMENTATION_COMMENTS = YES;
				CLANG_WARN_EMPTY_BODY = YES;
				CLANG_WARN_ENUM_CONVERSION = YES;
				CLANG_WARN_INFINITE_RECURSION = YES;
				CLANG_WARN_INT_CONVERSION = YES;
				CLANG_WARN_NON_LITERAL_NULL_CONVERSION = YES;
				CLANG_WARN_OBJC_IMPLICIT_RETAIN_SELF = YES;
				CLANG_WARN_OBJC_LITERAL_CONVERSION = YES;
				CLANG_WARN_OBJC_ROOT_CLASS = YES_ERROR;
				CLANG_WARN_QUOTED_INCLUDE_IN_FRAMEWORK_HEADER = YES;
				CLANG_WARN_RANGE_LOOP_ANALYSIS = YES;
				CLANG_WARN_STRICT_PROTOTYPES = YES;
				CLANG_WARN_SUSPICIOUS_MOVE = YES;
				CLANG_WARN_UNGUARDED_AVAILABILITY = YES_AGGRESSIVE;
				CLANG_WARN_UNREACHABLE_CODE = YES;
				CLANG_WARN__DUPLICATE_METHOD_MATCH = YES;
				COPY_PHASE_STRIP = NO;
				CURRENT_PROJECT_VERSION = 1;
				DEBUG_INFORMATION_FORMAT = dwarf;
				ENABLE_STRICT_OBJC_MSGSEND = YES;
				ENABLE_TESTABILITY = YES;
				GCC_C_LANGUAGE_STANDARD = gnu11;
				GCC_DYNAMIC_NO_PIC = NO;
				GCC_NO_COMMON_BLOCKS = YES;
				GCC_OPTIMIZATION_LEVEL = 0;
				GCC_PREPROCESSOR_DEFINITIONS = (
					"DEBUG=1",
					"$(inherited)",
				);
				GCC_WARN_64_TO_32_BIT_CONVERSION = YES;
				GCC_WARN_ABOUT_RETURN_TYPE = YES_ERROR;
				GCC_WARN_UNDECLARED_SELECTOR = YES;
				GCC_WARN_UNINITIALIZED_AUTOS = YES_AGGRESSIVE;
				GCC_WARN_UNUSED_FUNCTION = YES;
				GCC_WARN_UNUSED_VARIABLE = YES;
				IPHONEOS_DEPLOYMENT_TARGET = 15.2;
				MTL_ENABLE_DEBUG_INFO = INCLUDE_SOURCE;
				MTL_FAST_MATH = YES;
				ONLY_ACTIVE_ARCH = YES;
				SDKROOT = iphoneos;
				SWIFT_ACTIVE_COMPILATION_CONDITIONS = DEBUG;
				SWIFT_OPTIMIZATION_LEVEL = "-Onone";
				VERSIONING_SYSTEM = "apple-generic";
				VERSION_INFO_PREFIX = "";
			};
			name = Debug;
		};
		DF8E333E2795AC6E0092C3C8 /* Release */ = {
			isa = XCBuildConfiguration;
			buildSettings = {
				ALWAYS_SEARCH_USER_PATHS = NO;
				CLANG_ANALYZER_LOCALIZABILITY_NONLOCALIZED = YES;
				CLANG_ANALYZER_NONNULL = YES;
				CLANG_ANALYZER_NUMBER_OBJECT_CONVERSION = YES_AGGRESSIVE;
				CLANG_CXX_LANGUAGE_STANDARD = "gnu++17";
				CLANG_CXX_LIBRARY = "libc++";
				CLANG_ENABLE_MODULES = YES;
				CLANG_ENABLE_OBJC_ARC = YES;
				CLANG_ENABLE_OBJC_WEAK = YES;
				CLANG_WARN_BLOCK_CAPTURE_AUTORELEASING = YES;
				CLANG_WARN_BOOL_CONVERSION = YES;
				CLANG_WARN_COMMA = YES;
				CLANG_WARN_CONSTANT_CONVERSION = YES;
				CLANG_WARN_DEPRECATED_OBJC_IMPLEMENTATIONS = YES;
				CLANG_WARN_DIRECT_OBJC_ISA_USAGE = YES_ERROR;
				CLANG_WARN_DOCUMENTATION_COMMENTS = YES;
				CLANG_WARN_EMPTY_BODY = YES;
				CLANG_WARN_ENUM_CONVERSION = YES;
				CLANG_WARN_INFINITE_RECURSION = YES;
				CLANG_WARN_INT_CONVERSION = YES;
				CLANG_WARN_NON_LITERAL_NULL_CONVERSION = YES;
				CLANG_WARN_OBJC_IMPLICIT_RETAIN_SELF = YES;
				CLANG_WARN_OBJC_LITERAL_CONVERSION = YES;
				CLANG_WARN_OBJC_ROOT_CLASS = YES_ERROR;
				CLANG_WARN_QUOTED_INCLUDE_IN_FRAMEWORK_HEADER = YES;
				CLANG_WARN_RANGE_LOOP_ANALYSIS = YES;
				CLANG_WARN_STRICT_PROTOTYPES = YES;
				CLANG_WARN_SUSPICIOUS_MOVE = YES;
				CLANG_WARN_UNGUARDED_AVAILABILITY = YES_AGGRESSIVE;
				CLANG_WARN_UNREACHABLE_CODE = YES;
				CLANG_WARN__DUPLICATE_METHOD_MATCH = YES;
				COPY_PHASE_STRIP = NO;
				CURRENT_PROJECT_VERSION = 1;
				DEBUG_INFORMATION_FORMAT = "dwarf-with-dsym";
				ENABLE_NS_ASSERTIONS = NO;
				ENABLE_STRICT_OBJC_MSGSEND = YES;
				GCC_C_LANGUAGE_STANDARD = gnu11;
				GCC_NO_COMMON_BLOCKS = YES;
				GCC_WARN_64_TO_32_BIT_CONVERSION = YES;
				GCC_WARN_ABOUT_RETURN_TYPE = YES_ERROR;
				GCC_WARN_UNDECLARED_SELECTOR = YES;
				GCC_WARN_UNINITIALIZED_AUTOS = YES_AGGRESSIVE;
				GCC_WARN_UNUSED_FUNCTION = YES;
				GCC_WARN_UNUSED_VARIABLE = YES;
				IPHONEOS_DEPLOYMENT_TARGET = 15.2;
				MTL_ENABLE_DEBUG_INFO = NO;
				MTL_FAST_MATH = YES;
				SDKROOT = iphoneos;
				SWIFT_COMPILATION_MODE = wholemodule;
				SWIFT_OPTIMIZATION_LEVEL = "-O";
				VALIDATE_PRODUCT = YES;
				VERSIONING_SYSTEM = "apple-generic";
				VERSION_INFO_PREFIX = "";
			};
			name = Release;
		};
		DF8E33402795AC6E0092C3C8 /* Debug */ = {
			isa = XCBuildConfiguration;
			buildSettings = {
				CODE_SIGN_STYLE = Automatic;
				CURRENT_PROJECT_VERSION = 1;
				DEFINES_MODULE = YES;
				DEVELOPMENT_TEAM = "";
				DYLIB_COMPATIBILITY_VERSION = 1;
				DYLIB_CURRENT_VERSION = 1;
				DYLIB_INSTALL_NAME_BASE = "@rpath";
				GENERATE_INFOPLIST_FILE = YES;
				INFOPLIST_KEY_NSHumanReadableCopyright = "";
				INSTALL_PATH = "$(LOCAL_LIBRARY_DIR)/Frameworks";
				IPHONEOS_DEPLOYMENT_TARGET = 14.0;
				LD_RUNPATH_SEARCH_PATHS = (
					"$(inherited)",
					"@executable_path/Frameworks",
					"@loader_path/Frameworks",
				);
				MARKETING_VERSION = 1.0;
				PRODUCT_BUNDLE_IDENTIFIER = x3.x3Core;
				PRODUCT_NAME = "$(TARGET_NAME:c99extidentifier)";
				SKIP_INSTALL = YES;
				SUPPORTS_MACCATALYST = NO;
				SWIFT_EMIT_LOC_STRINGS = YES;
				SWIFT_VERSION = 5.0;
				TARGETED_DEVICE_FAMILY = "1,2";
			};
			name = Debug;
		};
		DF8E33412795AC6E0092C3C8 /* Release */ = {
			isa = XCBuildConfiguration;
			buildSettings = {
				CODE_SIGN_STYLE = Automatic;
				CURRENT_PROJECT_VERSION = 1;
				DEFINES_MODULE = YES;
				DEVELOPMENT_TEAM = "";
				DYLIB_COMPATIBILITY_VERSION = 1;
				DYLIB_CURRENT_VERSION = 1;
				DYLIB_INSTALL_NAME_BASE = "@rpath";
				GENERATE_INFOPLIST_FILE = YES;
				INFOPLIST_KEY_NSHumanReadableCopyright = "";
				INSTALL_PATH = "$(LOCAL_LIBRARY_DIR)/Frameworks";
				IPHONEOS_DEPLOYMENT_TARGET = 14.0;
				LD_RUNPATH_SEARCH_PATHS = (
					"$(inherited)",
					"@executable_path/Frameworks",
					"@loader_path/Frameworks",
				);
				MARKETING_VERSION = 1.0;
				PRODUCT_BUNDLE_IDENTIFIER = x3.x3Core;
				PRODUCT_NAME = "$(TARGET_NAME:c99extidentifier)";
				SKIP_INSTALL = YES;
				SUPPORTS_MACCATALYST = NO;
				SWIFT_EMIT_LOC_STRINGS = YES;
				SWIFT_VERSION = 5.0;
				TARGETED_DEVICE_FAMILY = "1,2";
			};
			name = Release;
		};
/* End XCBuildConfiguration section */

/* Begin XCConfigurationList section */
		DF8E33302795AC6D0092C3C8 /* Build configuration list for PBXProject "x3Core" */ = {
			isa = XCConfigurationList;
			buildConfigurations = (
				DF8E333D2795AC6E0092C3C8 /* Debug */,
				DF8E333E2795AC6E0092C3C8 /* Release */,
			);
			defaultConfigurationIsVisible = 0;
			defaultConfigurationName = Release;
		};
		DF8E333F2795AC6E0092C3C8 /* Build configuration list for PBXNativeTarget "x3Core" */ = {
			isa = XCConfigurationList;
			buildConfigurations = (
				DF8E33402795AC6E0092C3C8 /* Debug */,
				DF8E33412795AC6E0092C3C8 /* Release */,
			);
			defaultConfigurationIsVisible = 0;
			defaultConfigurationName = Release;
		};
/* End XCConfigurationList section */
	};
	rootObject = DF8E332D2795AC6D0092C3C8 /* Project object */;
}
